// !$*UTF8*$!
{
	archiveVersion = 1;
	classes = {
	};
	objectVersion = 50;
	objects = {

/* Begin PBXBuildFile section */
		4B157EC12340E564002BCDE1 /* Filter.swift in Sources */ = {isa = PBXBuildFile; fileRef = 4B157EC02340E564002BCDE1 /* Filter.swift */; };
		4BA1D449233D8852000A1F70 /* RxBlocking.framework in Frameworks */ = {isa = PBXBuildFile; fileRef = 4BEC340D233D8298003CFCA3 /* RxBlocking.framework */; };
		4BA1D44A233D8852000A1F70 /* RxCocoa.framework in Frameworks */ = {isa = PBXBuildFile; fileRef = 4BEC3410233D8298003CFCA3 /* RxCocoa.framework */; };
		4BA1D44C233D8852000A1F70 /* RxSwift.framework in Frameworks */ = {isa = PBXBuildFile; fileRef = 4BEC3411233D8298003CFCA3 /* RxSwift.framework */; };
		4BA1D44E233D890F000A1F70 /* RxRelay.framework in Frameworks */ = {isa = PBXBuildFile; fileRef = 4BEC340E233D8298003CFCA3 /* RxRelay.framework */; };
		4BA1D451233DA439000A1F70 /* Repository.swift in Sources */ = {isa = PBXBuildFile; fileRef = 4BA1D450233DA439000A1F70 /* Repository.swift */; };
		4BA1D453233DA452000A1F70 /* BaseResults.swift in Sources */ = {isa = PBXBuildFile; fileRef = 4BA1D452233DA452000A1F70 /* BaseResults.swift */; };
		4BA1D456233DA478000A1F70 /* GithubAPIDataSource.swift in Sources */ = {isa = PBXBuildFile; fileRef = 4BA1D455233DA478000A1F70 /* GithubAPIDataSource.swift */; };
		4BA1D458233DA4A6000A1F70 /* GithubAPI.swift in Sources */ = {isa = PBXBuildFile; fileRef = 4BA1D457233DA4A6000A1F70 /* GithubAPI.swift */; };
		4BA1D45C233DA543000A1F70 /* HTTPClient.swift in Sources */ = {isa = PBXBuildFile; fileRef = 4BA1D45B233DA543000A1F70 /* HTTPClient.swift */; };
		4BA1D45E233DA77C000A1F70 /* Data+Parse.swift in Sources */ = {isa = PBXBuildFile; fileRef = 4BA1D45D233DA77C000A1F70 /* Data+Parse.swift */; };
		4BA1D463233FA39A000A1F70 /* FilterViewModel.swift in Sources */ = {isa = PBXBuildFile; fileRef = 4BA1D462233FA39A000A1F70 /* FilterViewModel.swift */; };
		4BCE8A992340FCAC002791B4 /* Localizable.strings in Resources */ = {isa = PBXBuildFile; fileRef = 4BCE8A9B2340FCAC002791B4 /* Localizable.strings */; };
		4BCE8A9F23416CEE002791B4 /* FilterViewModelTests.swift in Sources */ = {isa = PBXBuildFile; fileRef = 4BCE8A9E23416CEE002791B4 /* FilterViewModelTests.swift */; };
		4BCE8AA123416E75002791B4 /* ListViewModelTests.swift in Sources */ = {isa = PBXBuildFile; fileRef = 4BCE8AA023416E75002791B4 /* ListViewModelTests.swift */; };
		4BCE8AA423416F89002791B4 /* ListViewMock.swift in Sources */ = {isa = PBXBuildFile; fileRef = 4BCE8AA323416F89002791B4 /* ListViewMock.swift */; };
		4BCE8AA623416FBA002791B4 /* GithubAPIMock.swift in Sources */ = {isa = PBXBuildFile; fileRef = 4BCE8AA523416FBA002791B4 /* GithubAPIMock.swift */; };
		4BCE8AA723417354002791B4 /* RxTest.framework in Frameworks */ = {isa = PBXBuildFile; fileRef = 4BEC340F233D8298003CFCA3 /* RxTest.framework */; };
		4BCE8AA823417468002791B4 /* RxBlocking.framework in Frameworks */ = {isa = PBXBuildFile; fileRef = 4BEC340D233D8298003CFCA3 /* RxBlocking.framework */; };
		4BCE8AA923417468002791B4 /* RxCocoa.framework in Frameworks */ = {isa = PBXBuildFile; fileRef = 4BEC3410233D8298003CFCA3 /* RxCocoa.framework */; };
		4BCE8AAA23417468002791B4 /* RxRelay.framework in Frameworks */ = {isa = PBXBuildFile; fileRef = 4BEC340E233D8298003CFCA3 /* RxRelay.framework */; };
		4BCE8AAB23417468002791B4 /* RxSwift.framework in Frameworks */ = {isa = PBXBuildFile; fileRef = 4BEC3411233D8298003CFCA3 /* RxSwift.framework */; };
		4BCE8AAC23417468002791B4 /* RxTest.framework in Frameworks */ = {isa = PBXBuildFile; fileRef = 4BEC340F233D8298003CFCA3 /* RxTest.framework */; };
		4BCE8AAF23417BD6002791B4 /* DetailViewModelTests.swift in Sources */ = {isa = PBXBuildFile; fileRef = 4BCE8AAE23417BD6002791B4 /* DetailViewModelTests.swift */; };
		4BCE8AB123417C05002791B4 /* DetailViewMock.swift in Sources */ = {isa = PBXBuildFile; fileRef = 4BCE8AB023417C05002791B4 /* DetailViewMock.swift */; };
		4BE6CDA3233B10680079B327 /* AppDelegate.swift in Sources */ = {isa = PBXBuildFile; fileRef = 4BE6CDA2233B10680079B327 /* AppDelegate.swift */; };
		4BE6CDAA233B10690079B327 /* Assets.xcassets in Resources */ = {isa = PBXBuildFile; fileRef = 4BE6CDA9233B10690079B327 /* Assets.xcassets */; };
		4BE6CDAD233B10690079B327 /* LaunchScreen.storyboard in Resources */ = {isa = PBXBuildFile; fileRef = 4BE6CDAB233B10690079B327 /* LaunchScreen.storyboard */; };
		4BE6CDDA233C17A40079B327 /* ListViewController.swift in Sources */ = {isa = PBXBuildFile; fileRef = 4BE6CDD8233C17A40079B327 /* ListViewController.swift */; };
		4BE6CDDB233C17A40079B327 /* ListViewController.xib in Resources */ = {isa = PBXBuildFile; fileRef = 4BE6CDD9233C17A40079B327 /* ListViewController.xib */; };
		4BE6CDE0233C19040079B327 /* RepositoryCell.swift in Sources */ = {isa = PBXBuildFile; fileRef = 4BE6CDDE233C19040079B327 /* RepositoryCell.swift */; };
		4BE6CDE1233C19040079B327 /* RepositoryCell.xib in Resources */ = {isa = PBXBuildFile; fileRef = 4BE6CDDF233C19040079B327 /* RepositoryCell.xib */; };
		4BE6CDED233C250A0079B327 /* UIViewController.swift in Sources */ = {isa = PBXBuildFile; fileRef = 4BE6CDEC233C250A0079B327 /* UIViewController.swift */; };
		4BE6CDF0233C28210079B327 /* SelectableButton.swift in Sources */ = {isa = PBXBuildFile; fileRef = 4BE6CDEF233C28210079B327 /* SelectableButton.swift */; };
		4BE6CDF2233C2C450079B327 /* UIColor.swift in Sources */ = {isa = PBXBuildFile; fileRef = 4BE6CDF1233C2C450079B327 /* UIColor.swift */; };
		4BE6CDF6233C31320079B327 /* MaterialIcons-Regular.ttf in Resources */ = {isa = PBXBuildFile; fileRef = 4BE6CDF5233C31010079B327 /* MaterialIcons-Regular.ttf */; };
		4BE6CDFB233C33B50079B327 /* Montserrat-Bold.ttf in Resources */ = {isa = PBXBuildFile; fileRef = 4BE6CDF7233C33B40079B327 /* Montserrat-Bold.ttf */; };
		4BE6CDFC233C33B50079B327 /* Montserrat-SemiBold.ttf in Resources */ = {isa = PBXBuildFile; fileRef = 4BE6CDF8233C33B40079B327 /* Montserrat-SemiBold.ttf */; };
		4BE6CDFD233C33B50079B327 /* Montserrat-Light.ttf in Resources */ = {isa = PBXBuildFile; fileRef = 4BE6CDF9233C33B40079B327 /* Montserrat-Light.ttf */; };
		4BE6CDFE233C33B50079B327 /* Montserrat-Regular.ttf in Resources */ = {isa = PBXBuildFile; fileRef = 4BE6CDFA233C33B40079B327 /* Montserrat-Regular.ttf */; };
		4BE6CE01233C3A790079B327 /* FilterViewController.swift in Sources */ = {isa = PBXBuildFile; fileRef = 4BE6CDFF233C3A790079B327 /* FilterViewController.swift */; };
		4BE6CE02233C3A790079B327 /* FilterViewController.xib in Resources */ = {isa = PBXBuildFile; fileRef = 4BE6CE00233C3A790079B327 /* FilterViewController.xib */; };
		4BE6CE04233C42800079B327 /* UIView.swift in Sources */ = {isa = PBXBuildFile; fileRef = 4BE6CE03233C42800079B327 /* UIView.swift */; };
		4BE6CE07233C43BE0079B327 /* DetailViewController.swift in Sources */ = {isa = PBXBuildFile; fileRef = 4BE6CE05233C43BE0079B327 /* DetailViewController.swift */; };
		4BE6CE08233C43BE0079B327 /* DetailViewController.xib in Resources */ = {isa = PBXBuildFile; fileRef = 4BE6CE06233C43BE0079B327 /* DetailViewController.xib */; };
		4BE6CE0C233C47E80079B327 /* FilterCell.swift in Sources */ = {isa = PBXBuildFile; fileRef = 4BE6CE0A233C47E80079B327 /* FilterCell.swift */; };
		4BE6CE0D233C47E80079B327 /* FilterCell.xib in Resources */ = {isa = PBXBuildFile; fileRef = 4BE6CE0B233C47E80079B327 /* FilterCell.xib */; };
		4BE6CE0F233C4A6F0079B327 /* OutlineButton.swift in Sources */ = {isa = PBXBuildFile; fileRef = 4BE6CE0E233C4A6F0079B327 /* OutlineButton.swift */; };
		4BEC3409233D819D003CFCA3 /* MainCoordinator.swift in Sources */ = {isa = PBXBuildFile; fileRef = 4BEC3408233D819D003CFCA3 /* MainCoordinator.swift */; };
		4BEC340B233D823D003CFCA3 /* ListViewModel.swift in Sources */ = {isa = PBXBuildFile; fileRef = 4BEC340A233D823D003CFCA3 /* ListViewModel.swift */; };
		5E6FB5AF233E3FB5005D96C6 /* SectionBase.swift in Sources */ = {isa = PBXBuildFile; fileRef = 5E6FB5AE233E3FB5005D96C6 /* SectionBase.swift */; };
		5E6FB5B2233E4133005D96C6 /* RepositoryCellViewModel.swift in Sources */ = {isa = PBXBuildFile; fileRef = 5E6FB5B1233E4133005D96C6 /* RepositoryCellViewModel.swift */; };
		5E6FB5B4233E417E005D96C6 /* RepositorySection.swift in Sources */ = {isa = PBXBuildFile; fileRef = 5E6FB5B3233E417E005D96C6 /* RepositorySection.swift */; };
		5E6FB5B7233E4A23005D96C6 /* FilterCellViewModel.swift in Sources */ = {isa = PBXBuildFile; fileRef = 5E6FB5B6233E4A23005D96C6 /* FilterCellViewModel.swift */; };
		5E6FB5B9233E4A2C005D96C6 /* FilterSection.swift in Sources */ = {isa = PBXBuildFile; fileRef = 5E6FB5B8233E4A2C005D96C6 /* FilterSection.swift */; };
		5ED4C4D0233EA566002E5A7C /* Date.swift in Sources */ = {isa = PBXBuildFile; fileRef = 5ED4C4CF233EA566002E5A7C /* Date.swift */; };
		5ED4C4D2233EA88C002E5A7C /* LoadingView.swift in Sources */ = {isa = PBXBuildFile; fileRef = 5ED4C4D1233EA88C002E5A7C /* LoadingView.swift */; };
		5ED4C4D4233EA938002E5A7C /* BaseDisplayLogic.swift in Sources */ = {isa = PBXBuildFile; fileRef = 5ED4C4D3233EA938002E5A7C /* BaseDisplayLogic.swift */; };
		5ED4C4D6233EB00F002E5A7C /* DetailViewModel.swift in Sources */ = {isa = PBXBuildFile; fileRef = 5ED4C4D5233EB00F002E5A7C /* DetailViewModel.swift */; };
/* End PBXBuildFile section */

/* Begin PBXContainerItemProxy section */
		4BE6CDB4233B106A0079B327 /* PBXContainerItemProxy */ = {
			isa = PBXContainerItemProxy;
			containerPortal = 4BE6CD97233B10680079B327 /* Project object */;
			proxyType = 1;
			remoteGlobalIDString = 4BE6CD9E233B10680079B327;
			remoteInfo = gitlist;
		};
/* End PBXContainerItemProxy section */

/* Begin PBXFileReference section */
		4B157EC02340E564002BCDE1 /* Filter.swift */ = {isa = PBXFileReference; lastKnownFileType = sourcecode.swift; path = Filter.swift; sourceTree = "<group>"; };
		4BA1D450233DA439000A1F70 /* Repository.swift */ = {isa = PBXFileReference; lastKnownFileType = sourcecode.swift; path = Repository.swift; sourceTree = "<group>"; };
		4BA1D452233DA452000A1F70 /* BaseResults.swift */ = {isa = PBXFileReference; lastKnownFileType = sourcecode.swift; path = BaseResults.swift; sourceTree = "<group>"; };
		4BA1D455233DA478000A1F70 /* GithubAPIDataSource.swift */ = {isa = PBXFileReference; lastKnownFileType = sourcecode.swift; path = GithubAPIDataSource.swift; sourceTree = "<group>"; };
		4BA1D457233DA4A6000A1F70 /* GithubAPI.swift */ = {isa = PBXFileReference; lastKnownFileType = sourcecode.swift; path = GithubAPI.swift; sourceTree = "<group>"; };
		4BA1D45B233DA543000A1F70 /* HTTPClient.swift */ = {isa = PBXFileReference; lastKnownFileType = sourcecode.swift; path = HTTPClient.swift; sourceTree = "<group>"; };
		4BA1D45D233DA77C000A1F70 /* Data+Parse.swift */ = {isa = PBXFileReference; lastKnownFileType = sourcecode.swift; path = "Data+Parse.swift"; sourceTree = "<group>"; };
		4BA1D462233FA39A000A1F70 /* FilterViewModel.swift */ = {isa = PBXFileReference; lastKnownFileType = sourcecode.swift; path = FilterViewModel.swift; sourceTree = "<group>"; };
		4BCE8A982340FC90002791B4 /* pt-BR */ = {isa = PBXFileReference; lastKnownFileType = text.plist.strings; name = "pt-BR"; path = "pt-BR.lproj/LaunchScreen.strings"; sourceTree = "<group>"; };
		4BCE8A9A2340FCAC002791B4 /* pt-BR */ = {isa = PBXFileReference; lastKnownFileType = text.plist.strings; name = "pt-BR"; path = "pt-BR.lproj/Localizable.strings"; sourceTree = "<group>"; };
		4BCE8A9C2340FCB9002791B4 /* en */ = {isa = PBXFileReference; lastKnownFileType = text.plist.strings; name = en; path = en.lproj/Localizable.strings; sourceTree = "<group>"; };
		4BCE8A9D23416CEE002791B4 /* gitlistTests-Bridging-Header.h */ = {isa = PBXFileReference; lastKnownFileType = sourcecode.c.h; path = "gitlistTests-Bridging-Header.h"; sourceTree = "<group>"; };
		4BCE8A9E23416CEE002791B4 /* FilterViewModelTests.swift */ = {isa = PBXFileReference; lastKnownFileType = sourcecode.swift; path = FilterViewModelTests.swift; sourceTree = "<group>"; };
		4BCE8AA023416E75002791B4 /* ListViewModelTests.swift */ = {isa = PBXFileReference; lastKnownFileType = sourcecode.swift; path = ListViewModelTests.swift; sourceTree = "<group>"; };
		4BCE8AA323416F89002791B4 /* ListViewMock.swift */ = {isa = PBXFileReference; lastKnownFileType = sourcecode.swift; path = ListViewMock.swift; sourceTree = "<group>"; };
		4BCE8AA523416FBA002791B4 /* GithubAPIMock.swift */ = {isa = PBXFileReference; lastKnownFileType = sourcecode.swift; path = GithubAPIMock.swift; sourceTree = "<group>"; };
		4BCE8AAE23417BD6002791B4 /* DetailViewModelTests.swift */ = {isa = PBXFileReference; lastKnownFileType = sourcecode.swift; path = DetailViewModelTests.swift; sourceTree = "<group>"; };
		4BCE8AB023417C05002791B4 /* DetailViewMock.swift */ = {isa = PBXFileReference; lastKnownFileType = sourcecode.swift; path = DetailViewMock.swift; sourceTree = "<group>"; };
		4BE6CD9F233B10680079B327 /* gitlist.app */ = {isa = PBXFileReference; explicitFileType = wrapper.application; includeInIndex = 0; path = gitlist.app; sourceTree = BUILT_PRODUCTS_DIR; };
		4BE6CDA2233B10680079B327 /* AppDelegate.swift */ = {isa = PBXFileReference; lastKnownFileType = sourcecode.swift; path = AppDelegate.swift; sourceTree = "<group>"; };
		4BE6CDA9233B10690079B327 /* Assets.xcassets */ = {isa = PBXFileReference; lastKnownFileType = folder.assetcatalog; path = Assets.xcassets; sourceTree = "<group>"; };
		4BE6CDAC233B10690079B327 /* Base */ = {isa = PBXFileReference; lastKnownFileType = file.storyboard; name = Base; path = Base.lproj/LaunchScreen.storyboard; sourceTree = "<group>"; };
		4BE6CDAE233B10690079B327 /* Info.plist */ = {isa = PBXFileReference; lastKnownFileType = text.plist.xml; path = Info.plist; sourceTree = "<group>"; };
		4BE6CDB3233B106A0079B327 /* gitlistTests.xctest */ = {isa = PBXFileReference; explicitFileType = wrapper.cfbundle; includeInIndex = 0; path = gitlistTests.xctest; sourceTree = BUILT_PRODUCTS_DIR; };
		4BE6CDB9233B106A0079B327 /* Info.plist */ = {isa = PBXFileReference; lastKnownFileType = text.plist.xml; path = Info.plist; sourceTree = "<group>"; };
		4BE6CDD8233C17A40079B327 /* ListViewController.swift */ = {isa = PBXFileReference; lastKnownFileType = sourcecode.swift; path = ListViewController.swift; sourceTree = "<group>"; };
		4BE6CDD9233C17A40079B327 /* ListViewController.xib */ = {isa = PBXFileReference; lastKnownFileType = file.xib; path = ListViewController.xib; sourceTree = "<group>"; };
		4BE6CDDE233C19040079B327 /* RepositoryCell.swift */ = {isa = PBXFileReference; lastKnownFileType = sourcecode.swift; path = RepositoryCell.swift; sourceTree = "<group>"; };
		4BE6CDDF233C19040079B327 /* RepositoryCell.xib */ = {isa = PBXFileReference; lastKnownFileType = file.xib; path = RepositoryCell.xib; sourceTree = "<group>"; };
		4BE6CDEC233C250A0079B327 /* UIViewController.swift */ = {isa = PBXFileReference; lastKnownFileType = sourcecode.swift; path = UIViewController.swift; sourceTree = "<group>"; };
		4BE6CDEF233C28210079B327 /* SelectableButton.swift */ = {isa = PBXFileReference; lastKnownFileType = sourcecode.swift; path = SelectableButton.swift; sourceTree = "<group>"; };
		4BE6CDF1233C2C450079B327 /* UIColor.swift */ = {isa = PBXFileReference; lastKnownFileType = sourcecode.swift; path = UIColor.swift; sourceTree = "<group>"; };
		4BE6CDF5233C31010079B327 /* MaterialIcons-Regular.ttf */ = {isa = PBXFileReference; lastKnownFileType = file; path = "MaterialIcons-Regular.ttf"; sourceTree = "<group>"; };
		4BE6CDF7233C33B40079B327 /* Montserrat-Bold.ttf */ = {isa = PBXFileReference; lastKnownFileType = file; path = "Montserrat-Bold.ttf"; sourceTree = "<group>"; };
		4BE6CDF8233C33B40079B327 /* Montserrat-SemiBold.ttf */ = {isa = PBXFileReference; lastKnownFileType = file; path = "Montserrat-SemiBold.ttf"; sourceTree = "<group>"; };
		4BE6CDF9233C33B40079B327 /* Montserrat-Light.ttf */ = {isa = PBXFileReference; lastKnownFileType = file; path = "Montserrat-Light.ttf"; sourceTree = "<group>"; };
		4BE6CDFA233C33B40079B327 /* Montserrat-Regular.ttf */ = {isa = PBXFileReference; lastKnownFileType = file; path = "Montserrat-Regular.ttf"; sourceTree = "<group>"; };
		4BE6CDFF233C3A790079B327 /* FilterViewController.swift */ = {isa = PBXFileReference; lastKnownFileType = sourcecode.swift; path = FilterViewController.swift; sourceTree = "<group>"; };
		4BE6CE00233C3A790079B327 /* FilterViewController.xib */ = {isa = PBXFileReference; lastKnownFileType = file.xib; path = FilterViewController.xib; sourceTree = "<group>"; };
		4BE6CE03233C42800079B327 /* UIView.swift */ = {isa = PBXFileReference; lastKnownFileType = sourcecode.swift; path = UIView.swift; sourceTree = "<group>"; };
		4BE6CE05233C43BE0079B327 /* DetailViewController.swift */ = {isa = PBXFileReference; lastKnownFileType = sourcecode.swift; path = DetailViewController.swift; sourceTree = "<group>"; };
		4BE6CE06233C43BE0079B327 /* DetailViewController.xib */ = {isa = PBXFileReference; lastKnownFileType = file.xib; path = DetailViewController.xib; sourceTree = "<group>"; };
		4BE6CE0A233C47E80079B327 /* FilterCell.swift */ = {isa = PBXFileReference; lastKnownFileType = sourcecode.swift; path = FilterCell.swift; sourceTree = "<group>"; };
		4BE6CE0B233C47E80079B327 /* FilterCell.xib */ = {isa = PBXFileReference; lastKnownFileType = file.xib; path = FilterCell.xib; sourceTree = "<group>"; };
		4BE6CE0E233C4A6F0079B327 /* OutlineButton.swift */ = {isa = PBXFileReference; lastKnownFileType = sourcecode.swift; path = OutlineButton.swift; sourceTree = "<group>"; };
		4BEC3408233D819D003CFCA3 /* MainCoordinator.swift */ = {isa = PBXFileReference; fileEncoding = 4; lastKnownFileType = sourcecode.swift; path = MainCoordinator.swift; sourceTree = "<group>"; };
		4BEC340A233D823D003CFCA3 /* ListViewModel.swift */ = {isa = PBXFileReference; fileEncoding = 4; lastKnownFileType = sourcecode.swift; path = ListViewModel.swift; sourceTree = "<group>"; };
		4BEC340D233D8298003CFCA3 /* RxBlocking.framework */ = {isa = PBXFileReference; lastKnownFileType = wrapper.framework; name = RxBlocking.framework; path = Carthage/Build/iOS/RxBlocking.framework; sourceTree = "<group>"; };
		4BEC340E233D8298003CFCA3 /* RxRelay.framework */ = {isa = PBXFileReference; lastKnownFileType = wrapper.framework; name = RxRelay.framework; path = Carthage/Build/iOS/RxRelay.framework; sourceTree = "<group>"; };
		4BEC340F233D8298003CFCA3 /* RxTest.framework */ = {isa = PBXFileReference; lastKnownFileType = wrapper.framework; name = RxTest.framework; path = Carthage/Build/iOS/RxTest.framework; sourceTree = "<group>"; };
		4BEC3410233D8298003CFCA3 /* RxCocoa.framework */ = {isa = PBXFileReference; lastKnownFileType = wrapper.framework; name = RxCocoa.framework; path = Carthage/Build/iOS/RxCocoa.framework; sourceTree = "<group>"; };
		4BEC3411233D8298003CFCA3 /* RxSwift.framework */ = {isa = PBXFileReference; lastKnownFileType = wrapper.framework; name = RxSwift.framework; path = Carthage/Build/iOS/RxSwift.framework; sourceTree = "<group>"; };
		5E6FB5AE233E3FB5005D96C6 /* SectionBase.swift */ = {isa = PBXFileReference; lastKnownFileType = sourcecode.swift; path = SectionBase.swift; sourceTree = "<group>"; };
		5E6FB5B1233E4133005D96C6 /* RepositoryCellViewModel.swift */ = {isa = PBXFileReference; lastKnownFileType = sourcecode.swift; path = RepositoryCellViewModel.swift; sourceTree = "<group>"; };
		5E6FB5B3233E417E005D96C6 /* RepositorySection.swift */ = {isa = PBXFileReference; lastKnownFileType = sourcecode.swift; path = RepositorySection.swift; sourceTree = "<group>"; };
		5E6FB5B6233E4A23005D96C6 /* FilterCellViewModel.swift */ = {isa = PBXFileReference; lastKnownFileType = sourcecode.swift; path = FilterCellViewModel.swift; sourceTree = "<group>"; };
		5E6FB5B8233E4A2C005D96C6 /* FilterSection.swift */ = {isa = PBXFileReference; lastKnownFileType = sourcecode.swift; path = FilterSection.swift; sourceTree = "<group>"; };
		5ED4C4CF233EA566002E5A7C /* Date.swift */ = {isa = PBXFileReference; lastKnownFileType = sourcecode.swift; path = Date.swift; sourceTree = "<group>"; };
		5ED4C4D1233EA88C002E5A7C /* LoadingView.swift */ = {isa = PBXFileReference; lastKnownFileType = sourcecode.swift; path = LoadingView.swift; sourceTree = "<group>"; };
		5ED4C4D3233EA938002E5A7C /* BaseDisplayLogic.swift */ = {isa = PBXFileReference; lastKnownFileType = sourcecode.swift; path = BaseDisplayLogic.swift; sourceTree = "<group>"; };
		5ED4C4D5233EB00F002E5A7C /* DetailViewModel.swift */ = {isa = PBXFileReference; lastKnownFileType = sourcecode.swift; path = DetailViewModel.swift; sourceTree = "<group>"; };
/* End PBXFileReference section */

/* Begin PBXFrameworksBuildPhase section */
		4BE6CD9C233B10680079B327 /* Frameworks */ = {
			isa = PBXFrameworksBuildPhase;
			buildActionMask = 2147483647;
			files = (
				4BA1D449233D8852000A1F70 /* RxBlocking.framework in Frameworks */,
				4BA1D44A233D8852000A1F70 /* RxCocoa.framework in Frameworks */,
				4BA1D44E233D890F000A1F70 /* RxRelay.framework in Frameworks */,
				4BA1D44C233D8852000A1F70 /* RxSwift.framework in Frameworks */,
				4BCE8AA723417354002791B4 /* RxTest.framework in Frameworks */,
			);
			runOnlyForDeploymentPostprocessing = 0;
		};
		4BE6CDB0233B106A0079B327 /* Frameworks */ = {
			isa = PBXFrameworksBuildPhase;
			buildActionMask = 2147483647;
			files = (
				4BCE8AA823417468002791B4 /* RxBlocking.framework in Frameworks */,
				4BCE8AA923417468002791B4 /* RxCocoa.framework in Frameworks */,
				4BCE8AAA23417468002791B4 /* RxRelay.framework in Frameworks */,
				4BCE8AAB23417468002791B4 /* RxSwift.framework in Frameworks */,
				4BCE8AAC23417468002791B4 /* RxTest.framework in Frameworks */,
			);
			runOnlyForDeploymentPostprocessing = 0;
		};
/* End PBXFrameworksBuildPhase section */

/* Begin PBXGroup section */
		4BA1D44F233DA411000A1F70 /* Models */ = {
			isa = PBXGroup;
			children = (
				4BA1D450233DA439000A1F70 /* Repository.swift */,
				4BA1D452233DA452000A1F70 /* BaseResults.swift */,
				4B157EC02340E564002BCDE1 /* Filter.swift */,
			);
			path = Models;
			sourceTree = "<group>";
		};
		4BA1D454233DA465000A1F70 /* Services */ = {
			isa = PBXGroup;
			children = (
				4BA1D45B233DA543000A1F70 /* HTTPClient.swift */,
				4BA1D459233DA4C5000A1F70 /* DataSources */,
				4BA1D45A233DA4CD000A1F70 /* API */,
			);
			path = Services;
			sourceTree = "<group>";
		};
		4BA1D459233DA4C5000A1F70 /* DataSources */ = {
			isa = PBXGroup;
			children = (
				4BA1D455233DA478000A1F70 /* GithubAPIDataSource.swift */,
			);
			path = DataSources;
			sourceTree = "<group>";
		};
		4BA1D45A233DA4CD000A1F70 /* API */ = {
			isa = PBXGroup;
			children = (
				4BA1D457233DA4A6000A1F70 /* GithubAPI.swift */,
			);
			path = API;
			sourceTree = "<group>";
		};
		4BA1D45F233DA8F0000A1F70 /* List */ = {
			isa = PBXGroup;
			children = (
				4BE6CDD8233C17A40079B327 /* ListViewController.swift */,
				4BE6CDD9233C17A40079B327 /* ListViewController.xib */,
				4BEC340A233D823D003CFCA3 /* ListViewModel.swift */,
			);
			path = List;
			sourceTree = "<group>";
		};
		4BA1D460233DA8FC000A1F70 /* Filter */ = {
			isa = PBXGroup;
			children = (
				4BE6CDFF233C3A790079B327 /* FilterViewController.swift */,
				4BE6CE00233C3A790079B327 /* FilterViewController.xib */,
				4BA1D462233FA39A000A1F70 /* FilterViewModel.swift */,
			);
			path = Filter;
			sourceTree = "<group>";
		};
		4BA1D461233DA903000A1F70 /* Detail */ = {
			isa = PBXGroup;
			children = (
				4BE6CE05233C43BE0079B327 /* DetailViewController.swift */,
				5ED4C4D5233EB00F002E5A7C /* DetailViewModel.swift */,
				4BE6CE06233C43BE0079B327 /* DetailViewController.xib */,
			);
			path = Detail;
			sourceTree = "<group>";
		};
		4BCE8AA223416F7E002791B4 /* Mocks */ = {
			isa = PBXGroup;
			children = (
				4BCE8AA323416F89002791B4 /* ListViewMock.swift */,
				4BCE8AB023417C05002791B4 /* DetailViewMock.swift */,
				4BCE8AA523416FBA002791B4 /* GithubAPIMock.swift */,
			);
			path = Mocks;
			sourceTree = "<group>";
		};
		4BCE8AAD23417BCB002791B4 /* Tests */ = {
			isa = PBXGroup;
			children = (
				4BCE8AA023416E75002791B4 /* ListViewModelTests.swift */,
				4BCE8A9E23416CEE002791B4 /* FilterViewModelTests.swift */,
				4BCE8AAE23417BD6002791B4 /* DetailViewModelTests.swift */,
			);
			path = Tests;
			sourceTree = "<group>";
		};
		4BE6CD96233B10680079B327 = {
			isa = PBXGroup;
			children = (
				4BE6CDA1233B10680079B327 /* gitlist */,
				4BE6CDB6233B106A0079B327 /* gitlistTests */,
				4BE6CDA0233B10680079B327 /* Products */,
				4BEC340C233D8298003CFCA3 /* Frameworks */,
			);
			sourceTree = "<group>";
		};
		4BE6CDA0233B10680079B327 /* Products */ = {
			isa = PBXGroup;
			children = (
				4BE6CD9F233B10680079B327 /* gitlist.app */,
				4BE6CDB3233B106A0079B327 /* gitlistTests.xctest */,
			);
			name = Products;
			sourceTree = "<group>";
		};
		4BE6CDA1233B10680079B327 /* gitlist */ = {
			isa = PBXGroup;
			children = (
				4BEC3408233D819D003CFCA3 /* MainCoordinator.swift */,
				4BA1D454233DA465000A1F70 /* Services */,
				4BA1D44F233DA411000A1F70 /* Models */,
				4BA1D45F233DA8F0000A1F70 /* List */,
				4BA1D460233DA8FC000A1F70 /* Filter */,
				4BA1D461233DA903000A1F70 /* Detail */,
				4BE6CDE2233C1DB90079B327 /* Cells */,
				5E6FB5AD233E3F9F005D96C6 /* Commons */,
				4BE6CDEE233C28020079B327 /* Components */,
				4BE6CDEB233C24FF0079B327 /* Extensions */,
				4BE6CDF3233C30E50079B327 /* Resources */,
				4BE6CE09233C47AC0079B327 /* Supporting Files */,
			);
			path = gitlist;
			sourceTree = "<group>";
		};
		4BE6CDB6233B106A0079B327 /* gitlistTests */ = {
			isa = PBXGroup;
			children = (
				4BCE8AA223416F7E002791B4 /* Mocks */,
				4BCE8AAD23417BCB002791B4 /* Tests */,
				4BCE8A9D23416CEE002791B4 /* gitlistTests-Bridging-Header.h */,
				4BE6CDB9233B106A0079B327 /* Info.plist */,
			);
			path = gitlistTests;
			sourceTree = "<group>";
		};
		4BE6CDE2233C1DB90079B327 /* Cells */ = {
			isa = PBXGroup;
			children = (
				5E6FB5B0233E4111005D96C6 /* RepositoryCell */,
				5E6FB5B5233E4981005D96C6 /* FilterCell */,
			);
			path = Cells;
			sourceTree = "<group>";
		};
		4BE6CDEB233C24FF0079B327 /* Extensions */ = {
			isa = PBXGroup;
			children = (
				4BE6CDEC233C250A0079B327 /* UIViewController.swift */,
				4BE6CDF1233C2C450079B327 /* UIColor.swift */,
				4BE6CE03233C42800079B327 /* UIView.swift */,
				4BA1D45D233DA77C000A1F70 /* Data+Parse.swift */,
				5ED4C4CF233EA566002E5A7C /* Date.swift */,
			);
			path = Extensions;
			sourceTree = "<group>";
		};
		4BE6CDEE233C28020079B327 /* Components */ = {
			isa = PBXGroup;
			children = (
				4BE6CDEF233C28210079B327 /* SelectableButton.swift */,
				4BE6CE0E233C4A6F0079B327 /* OutlineButton.swift */,
				5ED4C4D1233EA88C002E5A7C /* LoadingView.swift */,
			);
			path = Components;
			sourceTree = "<group>";
		};
		4BE6CDF3233C30E50079B327 /* Resources */ = {
			isa = PBXGroup;
			children = (
				4BE6CDA9233B10690079B327 /* Assets.xcassets */,
				4BE6CDF4233C30F40079B327 /* Fonts */,
				4BCE8A9B2340FCAC002791B4 /* Localizable.strings */,
			);
			path = Resources;
			sourceTree = "<group>";
		};
		4BE6CDF4233C30F40079B327 /* Fonts */ = {
			isa = PBXGroup;
			children = (
				4BE6CDF7233C33B40079B327 /* Montserrat-Bold.ttf */,
				4BE6CDF9233C33B40079B327 /* Montserrat-Light.ttf */,
				4BE6CDFA233C33B40079B327 /* Montserrat-Regular.ttf */,
				4BE6CDF8233C33B40079B327 /* Montserrat-SemiBold.ttf */,
				4BE6CDF5233C31010079B327 /* MaterialIcons-Regular.ttf */,
			);
			path = Fonts;
			sourceTree = "<group>";
		};
		4BE6CE09233C47AC0079B327 /* Supporting Files */ = {
			isa = PBXGroup;
			children = (
				4BE6CDA2233B10680079B327 /* AppDelegate.swift */,
				4BE6CDAB233B10690079B327 /* LaunchScreen.storyboard */,
				4BE6CDAE233B10690079B327 /* Info.plist */,
			);
			path = "Supporting Files";
			sourceTree = "<group>";
		};
		4BEC340C233D8298003CFCA3 /* Frameworks */ = {
			isa = PBXGroup;
			children = (
				4BEC340D233D8298003CFCA3 /* RxBlocking.framework */,
				4BEC3410233D8298003CFCA3 /* RxCocoa.framework */,
				4BEC340E233D8298003CFCA3 /* RxRelay.framework */,
				4BEC3411233D8298003CFCA3 /* RxSwift.framework */,
				4BEC340F233D8298003CFCA3 /* RxTest.framework */,
			);
			name = Frameworks;
			sourceTree = "<group>";
		};
		5E6FB5AD233E3F9F005D96C6 /* Commons */ = {
			isa = PBXGroup;
			children = (
				5E6FB5AE233E3FB5005D96C6 /* SectionBase.swift */,
				5ED4C4D3233EA938002E5A7C /* BaseDisplayLogic.swift */,
			);
			path = Commons;
			sourceTree = "<group>";
		};
		5E6FB5B0233E4111005D96C6 /* RepositoryCell */ = {
			isa = PBXGroup;
			children = (
				4BE6CDDF233C19040079B327 /* RepositoryCell.xib */,
				4BE6CDDE233C19040079B327 /* RepositoryCell.swift */,
				5E6FB5B1233E4133005D96C6 /* RepositoryCellViewModel.swift */,
				5E6FB5B3233E417E005D96C6 /* RepositorySection.swift */,
			);
			path = RepositoryCell;
			sourceTree = "<group>";
		};
		5E6FB5B5233E4981005D96C6 /* FilterCell */ = {
			isa = PBXGroup;
			children = (
				4BE6CE0A233C47E80079B327 /* FilterCell.swift */,
				4BE6CE0B233C47E80079B327 /* FilterCell.xib */,
				5E6FB5B6233E4A23005D96C6 /* FilterCellViewModel.swift */,
				5E6FB5B8233E4A2C005D96C6 /* FilterSection.swift */,
			);
			path = FilterCell;
			sourceTree = "<group>";
		};
/* End PBXGroup section */

/* Begin PBXNativeTarget section */
		4BE6CD9E233B10680079B327 /* gitlist */ = {
			isa = PBXNativeTarget;
			buildConfigurationList = 4BE6CDC7233B106A0079B327 /* Build configuration list for PBXNativeTarget "gitlist" */;
			buildPhases = (
				4BE6CD9B233B10680079B327 /* Sources */,
				4BE6CD9C233B10680079B327 /* Frameworks */,
				4BE6CD9D233B10680079B327 /* Resources */,
				4BA1D448233D8556000A1F70 /* CARTHAGE - Run Script */,
				5E49FF002342193600F30673 /* SWIFTLINT - Run Script */,
			);
			buildRules = (
			);
			dependencies = (
			);
			name = gitlist;
			productName = gitlist;
			productReference = 4BE6CD9F233B10680079B327 /* gitlist.app */;
			productType = "com.apple.product-type.application";
		};
		4BE6CDB2233B106A0079B327 /* gitlistTests */ = {
			isa = PBXNativeTarget;
			buildConfigurationList = 4BE6CDCA233B106A0079B327 /* Build configuration list for PBXNativeTarget "gitlistTests" */;
			buildPhases = (
				4BE6CDAF233B106A0079B327 /* Sources */,
				4BE6CDB0233B106A0079B327 /* Frameworks */,
				4BE6CDB1233B106A0079B327 /* Resources */,
			);
			buildRules = (
			);
			dependencies = (
				4BE6CDB5233B106A0079B327 /* PBXTargetDependency */,
			);
			name = gitlistTests;
			productName = gitlistTests;
			productReference = 4BE6CDB3233B106A0079B327 /* gitlistTests.xctest */;
			productType = "com.apple.product-type.bundle.unit-test";
		};
/* End PBXNativeTarget section */

/* Begin PBXProject section */
		4BE6CD97233B10680079B327 /* Project object */ = {
			isa = PBXProject;
			attributes = {
				LastSwiftUpdateCheck = 1030;
				LastUpgradeCheck = 1030;
				ORGANIZATIONNAME = "Paulo Lourenço";
				TargetAttributes = {
					4BE6CD9E233B10680079B327 = {
						CreatedOnToolsVersion = 10.3;
					};
					4BE6CDB2233B106A0079B327 = {
						CreatedOnToolsVersion = 10.3;
						LastSwiftMigration = 1030;
						TestTargetID = 4BE6CD9E233B10680079B327;
					};
				};
			};
			buildConfigurationList = 4BE6CD9A233B10680079B327 /* Build configuration list for PBXProject "gitlist" */;
			compatibilityVersion = "Xcode 9.3";
			developmentRegion = en;
			hasScannedForEncodings = 0;
			knownRegions = (
				en,
				Base,
				"pt-BR",
			);
			mainGroup = 4BE6CD96233B10680079B327;
			productRefGroup = 4BE6CDA0233B10680079B327 /* Products */;
			projectDirPath = "";
			projectRoot = "";
			targets = (
				4BE6CD9E233B10680079B327 /* gitlist */,
				4BE6CDB2233B106A0079B327 /* gitlistTests */,
			);
		};
/* End PBXProject section */

/* Begin PBXResourcesBuildPhase section */
		4BE6CD9D233B10680079B327 /* Resources */ = {
			isa = PBXResourcesBuildPhase;
			buildActionMask = 2147483647;
			files = (
				4BE6CE02233C3A790079B327 /* FilterViewController.xib in Resources */,
				4BE6CDFD233C33B50079B327 /* Montserrat-Light.ttf in Resources */,
				4BE6CDFB233C33B50079B327 /* Montserrat-Bold.ttf in Resources */,
				4BCE8A992340FCAC002791B4 /* Localizable.strings in Resources */,
				4BE6CDFC233C33B50079B327 /* Montserrat-SemiBold.ttf in Resources */,
				4BE6CE0D233C47E80079B327 /* FilterCell.xib in Resources */,
				4BE6CDAD233B10690079B327 /* LaunchScreen.storyboard in Resources */,
				4BE6CE08233C43BE0079B327 /* DetailViewController.xib in Resources */,
				4BE6CDFE233C33B50079B327 /* Montserrat-Regular.ttf in Resources */,
				4BE6CDAA233B10690079B327 /* Assets.xcassets in Resources */,
				4BE6CDF6233C31320079B327 /* MaterialIcons-Regular.ttf in Resources */,
				4BE6CDE1233C19040079B327 /* RepositoryCell.xib in Resources */,
				4BE6CDDB233C17A40079B327 /* ListViewController.xib in Resources */,
			);
			runOnlyForDeploymentPostprocessing = 0;
		};
		4BE6CDB1233B106A0079B327 /* Resources */ = {
			isa = PBXResourcesBuildPhase;
			buildActionMask = 2147483647;
			files = (
			);
			runOnlyForDeploymentPostprocessing = 0;
		};
/* End PBXResourcesBuildPhase section */

/* Begin PBXShellScriptBuildPhase section */
		4BA1D448233D8556000A1F70 /* CARTHAGE - Run Script */ = {
			isa = PBXShellScriptBuildPhase;
			buildActionMask = 2147483647;
			files = (
			);
			inputFileListPaths = (
			);
			inputPaths = (
				"$(SRCROOT)/Carthage/Build/iOS/RxBlocking.framework",
				"$(SRCROOT)/Carthage/Build/iOS/RxCocoa.framework",
				"$(SRCROOT)/Carthage/Build/iOS/RxRelay.framework",
				"$(SRCROOT)/Carthage/Build/iOS/RxSwift.framework",
				"$(SRCROOT)/Carthage/Build/iOS/RxTest.framework",
			);
			name = "CARTHAGE - Run Script";
			outputFileListPaths = (
			);
			outputPaths = (
			);
			runOnlyForDeploymentPostprocessing = 0;
			shellPath = /bin/sh;
			shellScript = "carthage copy-frameworks\n";
		};
		5E49FF002342193600F30673 /* SWIFTLINT - Run Script */ = {
			isa = PBXShellScriptBuildPhase;
			buildActionMask = 2147483647;
			files = (
			);
			inputFileListPaths = (
			);
			inputPaths = (
			);
			name = "SWIFTLINT - Run Script";
			outputFileListPaths = (
			);
			outputPaths = (
			);
			runOnlyForDeploymentPostprocessing = 0;
			shellPath = /bin/sh;
			shellScript = "if which swiftlint >/dev/null; then\n    swiftlint\nelse\n    echo \"warning: SwiftLint not installed, download from https://github.com/realm/SwiftLint\"\nfi\n";
		};
/* End PBXShellScriptBuildPhase section */

/* Begin PBXSourcesBuildPhase section */
		4BE6CD9B233B10680079B327 /* Sources */ = {
			isa = PBXSourcesBuildPhase;
			buildActionMask = 2147483647;
			files = (
				4BE6CDED233C250A0079B327 /* UIViewController.swift in Sources */,
				4B157EC12340E564002BCDE1 /* Filter.swift in Sources */,
				4BA1D456233DA478000A1F70 /* GithubAPIDataSource.swift in Sources */,
				4BE6CDF0233C28210079B327 /* SelectableButton.swift in Sources */,
				4BE6CE04233C42800079B327 /* UIView.swift in Sources */,
				5ED4C4D4233EA938002E5A7C /* BaseDisplayLogic.swift in Sources */,
				4BE6CE07233C43BE0079B327 /* DetailViewController.swift in Sources */,
				5ED4C4D2233EA88C002E5A7C /* LoadingView.swift in Sources */,
				4BA1D458233DA4A6000A1F70 /* GithubAPI.swift in Sources */,
				4BA1D463233FA39A000A1F70 /* FilterViewModel.swift in Sources */,
				5E6FB5AF233E3FB5005D96C6 /* SectionBase.swift in Sources */,
				4BA1D45C233DA543000A1F70 /* HTTPClient.swift in Sources */,
				5E6FB5B9233E4A2C005D96C6 /* FilterSection.swift in Sources */,
				4BEC340B233D823D003CFCA3 /* ListViewModel.swift in Sources */,
				5ED4C4D6233EB00F002E5A7C /* DetailViewModel.swift in Sources */,
				5E6FB5B7233E4A23005D96C6 /* FilterCellViewModel.swift in Sources */,
				5E6FB5B2233E4133005D96C6 /* RepositoryCellViewModel.swift in Sources */,
				4BA1D45E233DA77C000A1F70 /* Data+Parse.swift in Sources */,
				4BE6CE0C233C47E80079B327 /* FilterCell.swift in Sources */,
				4BE6CE01233C3A790079B327 /* FilterViewController.swift in Sources */,
				4BE6CDF2233C2C450079B327 /* UIColor.swift in Sources */,
				4BE6CDA3233B10680079B327 /* AppDelegate.swift in Sources */,
				4BE6CE0F233C4A6F0079B327 /* OutlineButton.swift in Sources */,
				4BA1D453233DA452000A1F70 /* BaseResults.swift in Sources */,
				4BA1D451233DA439000A1F70 /* Repository.swift in Sources */,
				4BE6CDDA233C17A40079B327 /* ListViewController.swift in Sources */,
				4BEC3409233D819D003CFCA3 /* MainCoordinator.swift in Sources */,
				4BE6CDE0233C19040079B327 /* RepositoryCell.swift in Sources */,
				5ED4C4D0233EA566002E5A7C /* Date.swift in Sources */,
				5E6FB5B4233E417E005D96C6 /* RepositorySection.swift in Sources */,
			);
			runOnlyForDeploymentPostprocessing = 0;
		};
		4BE6CDAF233B106A0079B327 /* Sources */ = {
			isa = PBXSourcesBuildPhase;
			buildActionMask = 2147483647;
			files = (
				4BCE8AA423416F89002791B4 /* ListViewMock.swift in Sources */,
				4BCE8AAF23417BD6002791B4 /* DetailViewModelTests.swift in Sources */,
				4BCE8AA623416FBA002791B4 /* GithubAPIMock.swift in Sources */,
				4BCE8AB123417C05002791B4 /* DetailViewMock.swift in Sources */,
				4BCE8AA123416E75002791B4 /* ListViewModelTests.swift in Sources */,
				4BCE8A9F23416CEE002791B4 /* FilterViewModelTests.swift in Sources */,
			);
			runOnlyForDeploymentPostprocessing = 0;
		};
/* End PBXSourcesBuildPhase section */

/* Begin PBXTargetDependency section */
		4BE6CDB5233B106A0079B327 /* PBXTargetDependency */ = {
			isa = PBXTargetDependency;
			target = 4BE6CD9E233B10680079B327 /* gitlist */;
			targetProxy = 4BE6CDB4233B106A0079B327 /* PBXContainerItemProxy */;
		};
/* End PBXTargetDependency section */

/* Begin PBXVariantGroup section */
		4BCE8A9B2340FCAC002791B4 /* Localizable.strings */ = {
			isa = PBXVariantGroup;
			children = (
				4BCE8A9A2340FCAC002791B4 /* pt-BR */,
				4BCE8A9C2340FCB9002791B4 /* en */,
			);
			name = Localizable.strings;
			sourceTree = "<group>";
		};
		4BE6CDAB233B10690079B327 /* LaunchScreen.storyboard */ = {
			isa = PBXVariantGroup;
			children = (
				4BE6CDAC233B10690079B327 /* Base */,
				4BCE8A982340FC90002791B4 /* pt-BR */,
			);
			name = LaunchScreen.storyboard;
			sourceTree = "<group>";
		};
/* End PBXVariantGroup section */

/* Begin XCBuildConfiguration section */
		4BE6CDC5233B106A0079B327 /* Debug */ = {
			isa = XCBuildConfiguration;
			buildSettings = {
				ALWAYS_SEARCH_USER_PATHS = NO;
				CLANG_ANALYZER_LOCALIZABILITY_NONLOCALIZED = YES;
				CLANG_ANALYZER_NONNULL = YES;
				CLANG_ANALYZER_NUMBER_OBJECT_CONVERSION = YES_AGGRESSIVE;
				CLANG_CXX_LANGUAGE_STANDARD = "gnu++14";
				CLANG_CXX_LIBRARY = "libc++";
				CLANG_ENABLE_MODULES = YES;
				CLANG_ENABLE_OBJC_ARC = YES;
				CLANG_ENABLE_OBJC_WEAK = YES;
				CLANG_WARN_BLOCK_CAPTURE_AUTORELEASING = YES;
				CLANG_WARN_BOOL_CONVERSION = YES;
				CLANG_WARN_COMMA = YES;
				CLANG_WARN_CONSTANT_CONVERSION = YES;
				CLANG_WARN_DEPRECATED_OBJC_IMPLEMENTATIONS = YES;
				CLANG_WARN_DIRECT_OBJC_ISA_USAGE = YES_ERROR;
				CLANG_WARN_DOCUMENTATION_COMMENTS = YES;
				CLANG_WARN_EMPTY_BODY = YES;
				CLANG_WARN_ENUM_CONVERSION = YES;
				CLANG_WARN_INFINITE_RECURSION = YES;
				CLANG_WARN_INT_CONVERSION = YES;
				CLANG_WARN_NON_LITERAL_NULL_CONVERSION = YES;
				CLANG_WARN_OBJC_IMPLICIT_RETAIN_SELF = YES;
				CLANG_WARN_OBJC_LITERAL_CONVERSION = YES;
				CLANG_WARN_OBJC_ROOT_CLASS = YES_ERROR;
				CLANG_WARN_RANGE_LOOP_ANALYSIS = YES;
				CLANG_WARN_STRICT_PROTOTYPES = YES;
				CLANG_WARN_SUSPICIOUS_MOVE = YES;
				CLANG_WARN_UNGUARDED_AVAILABILITY = YES_AGGRESSIVE;
				CLANG_WARN_UNREACHABLE_CODE = YES;
				CLANG_WARN__DUPLICATE_METHOD_MATCH = YES;
				CODE_SIGN_IDENTITY = "iPhone Developer";
				COPY_PHASE_STRIP = NO;
				DEBUG_INFORMATION_FORMAT = dwarf;
				ENABLE_STRICT_OBJC_MSGSEND = YES;
				ENABLE_TESTABILITY = YES;
				GCC_C_LANGUAGE_STANDARD = gnu11;
				GCC_DYNAMIC_NO_PIC = NO;
				GCC_NO_COMMON_BLOCKS = YES;
				GCC_OPTIMIZATION_LEVEL = 0;
				GCC_PREPROCESSOR_DEFINITIONS = (
					"DEBUG=1",
					"$(inherited)",
				);
				GCC_WARN_64_TO_32_BIT_CONVERSION = YES;
				GCC_WARN_ABOUT_RETURN_TYPE = YES_ERROR;
				GCC_WARN_UNDECLARED_SELECTOR = YES;
				GCC_WARN_UNINITIALIZED_AUTOS = YES_AGGRESSIVE;
				GCC_WARN_UNUSED_FUNCTION = YES;
				GCC_WARN_UNUSED_VARIABLE = YES;
				IPHONEOS_DEPLOYMENT_TARGET = 12.4;
				MTL_ENABLE_DEBUG_INFO = INCLUDE_SOURCE;
				MTL_FAST_MATH = YES;
				ONLY_ACTIVE_ARCH = YES;
				SDKROOT = iphoneos;
				SWIFT_ACTIVE_COMPILATION_CONDITIONS = DEBUG;
				SWIFT_OPTIMIZATION_LEVEL = "-Onone";
			};
			name = Debug;
		};
		4BE6CDC6233B106A0079B327 /* Release */ = {
			isa = XCBuildConfiguration;
			buildSettings = {
				ALWAYS_SEARCH_USER_PATHS = NO;
				CLANG_ANALYZER_LOCALIZABILITY_NONLOCALIZED = YES;
				CLANG_ANALYZER_NONNULL = YES;
				CLANG_ANALYZER_NUMBER_OBJECT_CONVERSION = YES_AGGRESSIVE;
				CLANG_CXX_LANGUAGE_STANDARD = "gnu++14";
				CLANG_CXX_LIBRARY = "libc++";
				CLANG_ENABLE_MODULES = YES;
				CLANG_ENABLE_OBJC_ARC = YES;
				CLANG_ENABLE_OBJC_WEAK = YES;
				CLANG_WARN_BLOCK_CAPTURE_AUTORELEASING = YES;
				CLANG_WARN_BOOL_CONVERSION = YES;
				CLANG_WARN_COMMA = YES;
				CLANG_WARN_CONSTANT_CONVERSION = YES;
				CLANG_WARN_DEPRECATED_OBJC_IMPLEMENTATIONS = YES;
				CLANG_WARN_DIRECT_OBJC_ISA_USAGE = YES_ERROR;
				CLANG_WARN_DOCUMENTATION_COMMENTS = YES;
				CLANG_WARN_EMPTY_BODY = YES;
				CLANG_WARN_ENUM_CONVERSION = YES;
				CLANG_WARN_INFINITE_RECURSION = YES;
				CLANG_WARN_INT_CONVERSION = YES;
				CLANG_WARN_NON_LITERAL_NULL_CONVERSION = YES;
				CLANG_WARN_OBJC_IMPLICIT_RETAIN_SELF = YES;
				CLANG_WARN_OBJC_LITERAL_CONVERSION = YES;
				CLANG_WARN_OBJC_ROOT_CLASS = YES_ERROR;
				CLANG_WARN_RANGE_LOOP_ANALYSIS = YES;
				CLANG_WARN_STRICT_PROTOTYPES = YES;
				CLANG_WARN_SUSPICIOUS_MOVE = YES;
				CLANG_WARN_UNGUARDED_AVAILABILITY = YES_AGGRESSIVE;
				CLANG_WARN_UNREACHABLE_CODE = YES;
				CLANG_WARN__DUPLICATE_METHOD_MATCH = YES;
				CODE_SIGN_IDENTITY = "iPhone Developer";
				COPY_PHASE_STRIP = NO;
				DEBUG_INFORMATION_FORMAT = "dwarf-with-dsym";
				ENABLE_NS_ASSERTIONS = NO;
				ENABLE_STRICT_OBJC_MSGSEND = YES;
				GCC_C_LANGUAGE_STANDARD = gnu11;
				GCC_NO_COMMON_BLOCKS = YES;
				GCC_WARN_64_TO_32_BIT_CONVERSION = YES;
				GCC_WARN_ABOUT_RETURN_TYPE = YES_ERROR;
				GCC_WARN_UNDECLARED_SELECTOR = YES;
				GCC_WARN_UNINITIALIZED_AUTOS = YES_AGGRESSIVE;
				GCC_WARN_UNUSED_FUNCTION = YES;
				GCC_WARN_UNUSED_VARIABLE = YES;
				IPHONEOS_DEPLOYMENT_TARGET = 12.4;
				MTL_ENABLE_DEBUG_INFO = NO;
				MTL_FAST_MATH = YES;
				SDKROOT = iphoneos;
				SWIFT_COMPILATION_MODE = wholemodule;
				SWIFT_OPTIMIZATION_LEVEL = "-O";
				VALIDATE_PRODUCT = YES;
			};
			name = Release;
		};
		4BE6CDC8233B106A0079B327 /* Debug */ = {
			isa = XCBuildConfiguration;
			buildSettings = {
				ASSETCATALOG_COMPILER_APPICON_NAME = AppIcon;
				CODE_SIGN_STYLE = Automatic;
				DEVELOPMENT_TEAM = W8W67XPP2J;
				FRAMEWORK_SEARCH_PATHS = (
					"$(inherited)",
					"$(PROJECT_DIR)/Carthage/Build/iOS",
				);
				INFOPLIST_FILE = "$(SRCROOT)/gitlist/Supporting Files/Info.plist";
				IPHONEOS_DEPLOYMENT_TARGET = 11.0;
				LD_RUNPATH_SEARCH_PATHS = (
					"$(inherited)",
					"@executable_path/Frameworks",
				);
				PRODUCT_BUNDLE_IDENTIFIER = com.phlourenco.gitlist;
				PRODUCT_NAME = "$(TARGET_NAME)";
				SWIFT_VERSION = 5.0;
				TARGETED_DEVICE_FAMILY = 1;
			};
			name = Debug;
		};
		4BE6CDC9233B106A0079B327 /* Release */ = {
			isa = XCBuildConfiguration;
			buildSettings = {
				ASSETCATALOG_COMPILER_APPICON_NAME = AppIcon;
				CODE_SIGN_STYLE = Automatic;
				DEVELOPMENT_TEAM = W8W67XPP2J;
				FRAMEWORK_SEARCH_PATHS = (
					"$(inherited)",
					"$(PROJECT_DIR)/Carthage/Build/iOS",
				);
				INFOPLIST_FILE = "$(SRCROOT)/gitlist/Supporting Files/Info.plist";
				IPHONEOS_DEPLOYMENT_TARGET = 11.0;
				LD_RUNPATH_SEARCH_PATHS = (
					"$(inherited)",
					"@executable_path/Frameworks",
				);
				PRODUCT_BUNDLE_IDENTIFIER = com.phlourenco.gitlist;
				PRODUCT_NAME = "$(TARGET_NAME)";
				SWIFT_VERSION = 5.0;
				TARGETED_DEVICE_FAMILY = 1;
			};
			name = Release;
		};
		4BE6CDCB233B106A0079B327 /* Debug */ = {
			isa = XCBuildConfiguration;
			buildSettings = {
				ALWAYS_EMBED_SWIFT_STANDARD_LIBRARIES = YES;
				BUNDLE_LOADER = "$(TEST_HOST)";
				CLANG_ENABLE_MODULES = YES;
				CODE_SIGN_STYLE = Automatic;
				DEVELOPMENT_TEAM = W8W67XPP2J;
				FRAMEWORK_SEARCH_PATHS = (
					"$(inherited)",
					"$(PROJECT_DIR)/Carthage/Build/iOS",
				);
				INFOPLIST_FILE = gitlistTests/Info.plist;
				LD_RUNPATH_SEARCH_PATHS = (
					"$(inherited)",
					"@executable_path/Frameworks",
					"@loader_path/Frameworks",
				);
				PRODUCT_BUNDLE_IDENTIFIER = com.phlourenco.gitlistTests;
				PRODUCT_NAME = "$(TARGET_NAME)";
				SWIFT_OBJC_BRIDGING_HEADER = "gitlistTests/gitlistTests-Bridging-Header.h";
				SWIFT_OPTIMIZATION_LEVEL = "-Onone";
				SWIFT_VERSION = 5.0;
				TARGETED_DEVICE_FAMILY = "1,2";
				TEST_HOST = "$(BUILT_PRODUCTS_DIR)/gitlist.app/gitlist";
			};
			name = Debug;
		};
		4BE6CDCC233B106A0079B327 /* Release */ = {
			isa = XCBuildConfiguration;
			buildSettings = {
				ALWAYS_EMBED_SWIFT_STANDARD_LIBRARIES = YES;
				BUNDLE_LOADER = "$(TEST_HOST)";
				CLANG_ENABLE_MODULES = YES;
				CODE_SIGN_STYLE = Automatic;
				DEVELOPMENT_TEAM = W8W67XPP2J;
				FRAMEWORK_SEARCH_PATHS = (
					"$(inherited)",
					"$(PROJECT_DIR)/Carthage/Build/iOS",
				);
				INFOPLIST_FILE = gitlistTests/Info.plist;
				LD_RUNPATH_SEARCH_PATHS = (
					"$(inherited)",
					"@executable_path/Frameworks",
					"@loader_path/Frameworks",
				);
				PRODUCT_BUNDLE_IDENTIFIER = com.phlourenco.gitlistTests;
				PRODUCT_NAME = "$(TARGET_NAME)";
				SWIFT_OBJC_BRIDGING_HEADER = "gitlistTests/gitlistTests-Bridging-Header.h";
				SWIFT_VERSION = 5.0;
				TARGETED_DEVICE_FAMILY = "1,2";
				TEST_HOST = "$(BUILT_PRODUCTS_DIR)/gitlist.app/gitlist";
			};
			name = Release;
		};
/* End XCBuildConfiguration section */

/* Begin XCConfigurationList section */
		4BE6CD9A233B10680079B327 /* Build configuration list for PBXProject "gitlist" */ = {
			isa = XCConfigurationList;
			buildConfigurations = (
				4BE6CDC5233B106A0079B327 /* Debug */,
				4BE6CDC6233B106A0079B327 /* Release */,
			);
			defaultConfigurationIsVisible = 0;
			defaultConfigurationName = Release;
		};
		4BE6CDC7233B106A0079B327 /* Build configuration list for PBXNativeTarget "gitlist" */ = {
			isa = XCConfigurationList;
			buildConfigurations = (
				4BE6CDC8233B106A0079B327 /* Debug */,
				4BE6CDC9233B106A0079B327 /* Release */,
			);
			defaultConfigurationIsVisible = 0;
			defaultConfigurationName = Release;
		};
		4BE6CDCA233B106A0079B327 /* Build configuration list for PBXNativeTarget "gitlistTests" */ = {
			isa = XCConfigurationList;
			buildConfigurations = (
				4BE6CDCB233B106A0079B327 /* Debug */,
				4BE6CDCC233B106A0079B327 /* Release */,
			);
			defaultConfigurationIsVisible = 0;
			defaultConfigurationName = Release;
		};
/* End XCConfigurationList section */
	};
	rootObject = 4BE6CD97233B10680079B327 /* Project object */;
}
